
Microsoft Visual Studio Solution File, Format Version 12.00
# Visual Studio 14
VisualStudioVersion = 14.0.24720.0
MinimumVisualStudioVersion = 10.0.40219.1
Project("{FAE04EC0-301F-11D3-BF4B-00C04F79EFBC}") = "WallpaperEditor", "WallpaperEditor\WallpaperEditor.csproj", "{DED7A0D5-6664-4ED2-A5C6-35BDFA3A50EE}"
EndProject
Global
	GlobalSection(SolutionConfigurationPlatforms) = preSolution
		Debug - background|Any CPU = Debug - background|Any CPU
		Debug - bkg|Any CPU = Debug - bkg|Any CPU
		Debug|Any CPU = Debug|Any CPU
		Release|Any CPU = Release|Any CPU
	EndGlobalSection
	GlobalSection(ProjectConfigurationPlatforms) = postSolution
		{DED7A0D5-6664-4ED2-A5C6-35BDFA3A50EE}.Debug - background|Any CPU.ActiveCfg = Debug - background|Any CPU
		{DED7A0D5-6664-4ED2-A5C6-35BDFA3A50EE}.Debug - background|Any CPU.Build.0 = Debug - background|Any CPU
		{DED7A0D5-6664-4ED2-A5C6-35BDFA3A50EE}.Debug - bkg|Any CPU.ActiveCfg = Debug - bkg|Any CPU
		{DED7A0D5-6664-4ED2-A5C6-35BDFA3A50EE}.Debug - bkg|Any CPU.Build.0 = Debug - bkg|Any CPU
		{DED7A0D5-6664-4ED2-A5C6-35BDFA3A50EE}.Debug|Any CPU.ActiveCfg = Debug|Any CPU
		{DED7A0D5-6664-4ED2-A5C6-35BDFA3A50EE}.Debug|Any CPU.Build.0 = Debug|Any CPU
		{DED7A0D5-6664-4ED2-A5C6-35BDFA3A50EE}.Release|Any CPU.ActiveCfg = Release|Any CPU
		{DED7A0D5-6664-4ED2-A5C6-35BDFA3A50EE}.Release|Any CPU.Build.0 = Release|Any CPU
	EndGlobalSection
	GlobalSection(SolutionProperties) = preSolution
		HideSolutionNode = FALSE
	EndGlobalSection
EndGlobal
